
Microsoft Visual Studio Solution File, Format Version 12.00
# Visual Studio Version 16
VisualStudioVersion = 16.0.31624.102
MinimumVisualStudioVersion = 10.0.40219.1
Project("{FAE04EC0-301F-11D3-BF4B-00C04F79EFBC}") = "Playfair Cipher", "Playfair Cipher\Playfair Cipher.csproj", "{2422FF8C-D0EA-4266-88F1-8A8B43C62444}"
EndProject
Global
	GlobalSection(SolutionConfigurationPlatforms) = preSolution
		Debug|Any CPU = Debug|Any CPU
		Release|Any CPU = Release|Any CPU
	EndGlobalSection
	GlobalSection(ProjectConfigurationPlatforms) = postSolution
		{2422FF8C-D0EA-4266-88F1-8A8B43C62444}.Debug|Any CPU.ActiveCfg = Debug|Any CPU
		{2422FF8C-D0EA-4266-88F1-8A8B43C62444}.Debug|Any CPU.Build.0 = Debug|Any CPU
		{2422FF8C-D0EA-4266-88F1-8A8B43C62444}.Release|Any CPU.ActiveCfg = Release|Any CPU
		{2422FF8C-D0EA-4266-88F1-8A8B43C62444}.Release|Any CPU.Build.0 = Release|Any CPU
	EndGlobalSection
	GlobalSection(SolutionProperties) = preSolution
		HideSolutionNode = FALSE
	EndGlobalSection
	GlobalSection(ExtensibilityGlobals) = postSolution
		SolutionGuid = {226E4AD4-BA31-445A-BF9C-39C458BC80A3}
	EndGlobalSection
EndGlobal
